{
  "name": "target",
  "lockfileVersion": 2,
  "requires": true,
  "packages": {
    "": {
      "dependencies": {
        "bootstrap-accessibility-plugin": "^1.0.6"
      }
    },
    "node_modules/bootstrap-accessibility-plugin": {
      "version": "1.0.6",
      "resolved": "https://registry.npmjs.org/bootstrap-accessibility-plugin/-/bootstrap-accessibility-plugin-1.0.6.tgz",
      "integrity": "sha512-HBIe8pDLb2Q9SIzE2+YCYjAKtuBUKwa8bYxzYF96cqmBvaHrOnLg8Z7k3EvOKM5oBBYbpWi6TK3n8S+t3GvtxQ=="
    }
  },
  "dependencies": {
    "bootstrap-accessibility-plugin": {
      "version": "1.0.6",
      "resolved": "https://registry.npmjs.org/bootstrap-accessibility-plugin/-/bootstrap-accessibility-plugin-1.0.6.tgz",
      "integrity": "sha512-HBIe8pDLb2Q9SIzE2+YCYjAKtuBUKwa8bYxzYF96cqmBvaHrOnLg8Z7k3EvOKM5oBBYbpWi6TK3n8S+t3GvtxQ=="
    }
  }
}
